{
  "requires": true,
  "lockfileVersion": 1,
  "dependencies": {
    "simple-search-select": {
      "version": "0.1.0-alpha",
      "resolved": "https://registry.npmjs.org/simple-search-select/-/simple-search-select-0.1.0-alpha.tgz",
      "integrity": "sha512-wpB8Z2H9ho77uDxr/GlIxJV5XXMAvrVeeWa+DyQPh+Lmr6TysOv+INRqeQOvBHf6J4fEkST04bWZHbf3mzrrUQ=="
    }
  }
}
